// !$*UTF8*$!
{
	archiveVersion = 1;
	classes = {
	};
	objectVersion = 77;
	objects = {

/* Begin PBXContainerItemProxy section */
		B563D48F2D06066F0018E454 /* PBXContainerItemProxy */ = {
			isa = PBXContainerItemProxy;
			containerPortal = B563D4752D06066A0018E454 /* Project object */;
			proxyType = 1;
			remoteGlobalIDString = B563D47C2D06066A0018E454;
			remoteInfo = VolunteerPickerRevived;
		};
		B563D4992D06066F0018E454 /* PBXContainerItemProxy */ = {
			isa = PBXContainerItemProxy;
			containerPortal = B563D4752D06066A0018E454 /* Project object */;
			proxyType = 1;
			remoteGlobalIDString = B563D47C2D06066A0018E454;
			remoteInfo = VolunteerPickerRevived;
		};
/* End PBXContainerItemProxy section */

/* Begin PBXFileReference section */
		B563D47D2D06066A0018E454 /* VolunteerPickerRevived.app */ = {isa = PBXFileReference; explicitFileType = wrapper.application; includeInIndex = 0; path = VolunteerPickerRevived.app; sourceTree = BUILT_PRODUCTS_DIR; };
		B563D48E2D06066F0018E454 /* VolunteerPickerRevivedTests.xctest */ = {isa = PBXFileReference; explicitFileType = wrapper.cfbundle; includeInIndex = 0; path = VolunteerPickerRevivedTests.xctest; sourceTree = BUILT_PRODUCTS_DIR; };
		B563D4982D06066F0018E454 /* VolunteerPickerRevivedUITests.xctest */ = {isa = PBXFileReference; explicitFileType = wrapper.cfbundle; includeInIndex = 0; path = VolunteerPickerRevivedUITests.xctest; sourceTree = BUILT_PRODUCTS_DIR; };
/* End PBXFileReference section */

/* Begin PBXFileSystemSynchronizedRootGroup section */
		B563D47F2D06066A0018E454 /* VolunteerPickerRevived */ = {
			isa = PBXFileSystemSynchronizedRootGroup;
			path = VolunteerPickerRevived;
			sourceTree = "<group>";
		};
		B563D4912D06066F0018E454 /* VolunteerPickerRevivedTests */ = {
			isa = PBXFileSystemSynchronizedRootGroup;
			path = VolunteerPickerRevivedTests;
			sourceTree = "<group>";
		};
		B563D49B2D06066F0018E454 /* VolunteerPickerRevivedUITests */ = {
			isa = PBXFileSystemSynchronizedRootGroup;
			path = VolunteerPickerRevivedUITests;
			sourceTree = "<group>";
		};
/* End PBXFileSystemSynchronizedRootGroup section */

/* Begin PBXFrameworksBuildPhase section */
		B563D47A2D06066A0018E454 /* Frameworks */ = {
			isa = PBXFrameworksBuildPhase;
			buildActionMask = 2147483647;
			files = (
			);
			runOnlyForDeploymentPostprocessing = 0;
		};
		B563D48B2D06066F0018E454 /* Frameworks */ = {
			isa = PBXFrameworksBuildPhase;
			buildActionMask = 2147483647;
			files = (
			);
			runOnlyForDeploymentPostprocessing = 0;
		};
		B563D4952D06066F0018E454 /* Frameworks */ = {
			isa = PBXFrameworksBuildPhase;
			buildActionMask = 2147483647;
			files = (
			);
			runOnlyForDeploymentPostprocessing = 0;
		};
/* End PBXFrameworksBuildPhase section */

/* Begin PBXGroup section */
		B563D4742D06066A0018E454 = {
			isa = PBXGroup;
			children = (
				B563D47F2D06066A0018E454 /* VolunteerPickerRevived */,
				B563D4912D06066F0018E454 /* VolunteerPickerRevivedTests */,
				B563D49B2D06066F0018E454 /* VolunteerPickerRevivedUITests */,
				B563D47E2D06066A0018E454 /* Products */,
			);
			sourceTree = "<group>";
		};
		B563D47E2D06066A0018E454 /* Products */ = {
			isa = PBXGroup;
			children = (
				B563D47D2D06066A0018E454 /* VolunteerPickerRevived.app */,
				B563D48E2D06066F0018E454 /* VolunteerPickerRevivedTests.xctest */,
				B563D4982D06066F0018E454 /* VolunteerPickerRevivedUITests.xctest */,
			);
			name = Products;
			sourceTree = "<group>";
		};
/* End PBXGroup section */

/* Begin PBXNativeTarget section */
		B563D47C2D06066A0018E454 /* VolunteerPickerRevived */ = {
			isa = PBXNativeTarget;
			buildConfigurationList = B563D4A22D06066F0018E454 /* Build configuration list for PBXNativeTarget "VolunteerPickerRevived" */;
			buildPhases = (
				B563D4792D06066A0018E454 /* Sources */,
				B563D47A2D06066A0018E454 /* Frameworks */,
				B563D47B2D06066A0018E454 /* Resources */,
			);
			buildRules = (
			);
			dependencies = (
			);
			fileSystemSynchronizedGroups = (
				B563D47F2D06066A0018E454 /* VolunteerPickerRevived */,
			);
			name = VolunteerPickerRevived;
			packageProductDependencies = (
			);
			productName = VolunteerPickerRevived;
			productReference = B563D47D2D06066A0018E454 /* VolunteerPickerRevived.app */;
			productType = "com.apple.product-type.application";
		};
		B563D48D2D06066F0018E454 /* VolunteerPickerRevivedTests */ = {
			isa = PBXNativeTarget;
			buildConfigurationList = B563D4A52D06066F0018E454 /* Build configuration list for PBXNativeTarget "VolunteerPickerRevivedTests" */;
			buildPhases = (
				B563D48A2D06066F0018E454 /* Sources */,
				B563D48B2D06066F0018E454 /* Frameworks */,
				B563D48C2D06066F0018E454 /* Resources */,
			);
			buildRules = (
			);
			dependencies = (
				B563D4902D06066F0018E454 /* PBXTargetDependency */,
			);
			fileSystemSynchronizedGroups = (
				B563D4912D06066F0018E454 /* VolunteerPickerRevivedTests */,
			);
			name = VolunteerPickerRevivedTests;
			packageProductDependencies = (
			);
			productName = VolunteerPickerRevivedTests;
			productReference = B563D48E2D06066F0018E454 /* VolunteerPickerRevivedTests.xctest */;
			productType = "com.apple.product-type.bundle.unit-test";
		};
		B563D4972D06066F0018E454 /* VolunteerPickerRevivedUITests */ = {
			isa = PBXNativeTarget;
			buildConfigurationList = B563D4A82D06066F0018E454 /* Build configuration list for PBXNativeTarget "VolunteerPickerRevivedUITests" */;
			buildPhases = (
				B563D4942D06066F0018E454 /* Sources */,
				B563D4952D06066F0018E454 /* Frameworks */,
				B563D4962D06066F0018E454 /* Resources */,
			);
			buildRules = (
			);
			dependencies = (
				B563D49A2D06066F0018E454 /* PBXTargetDependency */,
			);
			fileSystemSynchronizedGroups = (
				B563D49B2D06066F0018E454 /* VolunteerPickerRevivedUITests */,
			);
			name = VolunteerPickerRevivedUITests;
			packageProductDependencies = (
			);
			productName = VolunteerPickerRevivedUITests;
			productReference = B563D4982D06066F0018E454 /* VolunteerPickerRevivedUITests.xctest */;
			productType = "com.apple.product-type.bundle.ui-testing";
		};
/* End PBXNativeTarget section */

/* Begin PBXProject section */
		B563D4752D06066A0018E454 /* Project object */ = {
			isa = PBXProject;
			attributes = {
				BuildIndependentTargetsInParallel = 1;
				LastSwiftUpdateCheck = 1610;
				LastUpgradeCheck = 1610;
				TargetAttributes = {
					B563D47C2D06066A0018E454 = {
						CreatedOnToolsVersion = 16.1;
					};
					B563D48D2D06066F0018E454 = {
						CreatedOnToolsVersion = 16.1;
						TestTargetID = B563D47C2D06066A0018E454;
					};
					B563D4972D06066F0018E454 = {
						CreatedOnToolsVersion = 16.1;
						TestTargetID = B563D47C2D06066A0018E454;
					};
				};
			};
			buildConfigurationList = B563D4782D06066A0018E454 /* Build configuration list for PBXProject "VolunteerPickerRevived" */;
			developmentRegion = en;
			hasScannedForEncodings = 0;
			knownRegions = (
				en,
				Base,
			);
			mainGroup = B563D4742D06066A0018E454;
			minimizedProjectReferenceProxies = 1;
			preferredProjectObjectVersion = 77;
			productRefGroup = B563D47E2D06066A0018E454 /* Products */;
			projectDirPath = "";
			projectRoot = "";
			targets = (
				B563D47C2D06066A0018E454 /* VolunteerPickerRevived */,
				B563D48D2D06066F0018E454 /* VolunteerPickerRevivedTests */,
				B563D4972D06066F0018E454 /* VolunteerPickerRevivedUITests */,
			);
		};
/* End PBXProject section */

/* Begin PBXResourcesBuildPhase section */
		B563D47B2D06066A0018E454 /* Resources */ = {
			isa = PBXResourcesBuildPhase;
			buildActionMask = 2147483647;
			files = (
			);
			runOnlyForDeploymentPostprocessing = 0;
		};
		B563D48C2D06066F0018E454 /* Resources */ = {
			isa = PBXResourcesBuildPhase;
			buildActionMask = 2147483647;
			files = (
			);
			runOnlyForDeploymentPostprocessing = 0;
		};
		B563D4962D06066F0018E454 /* Resources */ = {
			isa = PBXResourcesBuildPhase;
			buildActionMask = 2147483647;
			files = (
			);
			runOnlyForDeploymentPostprocessing = 0;
		};
/* End PBXResourcesBuildPhase section */

/* Begin PBXSourcesBuildPhase section */
		B563D4792D06066A0018E454 /* Sources */ = {
			isa = PBXSourcesBuildPhase;
			buildActionMask = 2147483647;
			files = (
			);
			runOnlyForDeploymentPostprocessing = 0;
		};
		B563D48A2D06066F0018E454 /* Sources */ = {
			isa = PBXSourcesBuildPhase;
			buildActionMask = 2147483647;
			files = (
			);
			runOnlyForDeploymentPostprocessing = 0;
		};
		B563D4942D06066F0018E454 /* Sources */ = {
			isa = PBXSourcesBuildPhase;
			buildActionMask = 2147483647;
			files = (
			);
			runOnlyForDeploymentPostprocessing = 0;
		};
/* End PBXSourcesBuildPhase section */

/* Begin PBXTargetDependency section */
		B563D4902D06066F0018E454 /* PBXTargetDependency */ = {
			isa = PBXTargetDependency;
			target = B563D47C2D06066A0018E454 /* VolunteerPickerRevived */;
			targetProxy = B563D48F2D06066F0018E454 /* PBXContainerItemProxy */;
		};
		B563D49A2D06066F0018E454 /* PBXTargetDependency */ = {
			isa = PBXTargetDependency;
			target = B563D47C2D06066A0018E454 /* VolunteerPickerRevived */;
			targetProxy = B563D4992D06066F0018E454 /* PBXContainerItemProxy */;
		};
/* End PBXTargetDependency section */

/* Begin XCBuildConfiguration section */
		B563D4A02D06066F0018E454 /* Debug */ = {
			isa = XCBuildConfiguration;
			buildSettings = {
				ALWAYS_SEARCH_USER_PATHS = NO;
				ASSETCATALOG_COMPILER_GENERATE_SWIFT_ASSET_SYMBOL_EXTENSIONS = YES;
				CLANG_ANALYZER_NONNULL = YES;
				CLANG_ANALYZER_NUMBER_OBJECT_CONVERSION = YES_AGGRESSIVE;
				CLANG_CXX_LANGUAGE_STANDARD = "gnu++20";
				CLANG_ENABLE_MODULES = YES;
				CLANG_ENABLE_OBJC_ARC = YES;
				CLANG_ENABLE_OBJC_WEAK = YES;
				CLANG_WARN_BLOCK_CAPTURE_AUTORELEASING = YES;
				CLANG_WARN_BOOL_CONVERSION = YES;
				CLANG_WARN_COMMA = YES;
				CLANG_WARN_CONSTANT_CONVERSION = YES;
				CLANG_WARN_DEPRECATED_OBJC_IMPLEMENTATIONS = YES;
				CLANG_WARN_DIRECT_OBJC_ISA_USAGE = YES_ERROR;
				CLANG_WARN_DOCUMENTATION_COMMENTS = YES;
				CLANG_WARN_EMPTY_BODY = YES;
				CLANG_WARN_ENUM_CONVERSION = YES;
				CLANG_WARN_INFINITE_RECURSION = YES;
				CLANG_WARN_INT_CONVERSION = YES;
				CLANG_WARN_NON_LITERAL_NULL_CONVERSION = YES;
				CLANG_WARN_OBJC_IMPLICIT_RETAIN_SELF = YES;
				CLANG_WARN_OBJC_LITERAL_CONVERSION = YES;
				CLANG_WARN_OBJC_ROOT_CLASS = YES_ERROR;
				CLANG_WARN_QUOTED_INCLUDE_IN_FRAMEWORK_HEADER = YES;
				CLANG_WARN_RANGE_LOOP_ANALYSIS = YES;
				CLANG_WARN_STRICT_PROTOTYPES = YES;
				CLANG_WARN_SUSPICIOUS_MOVE = YES;
				CLANG_WARN_UNGUARDED_AVAILABILITY = YES_AGGRESSIVE;
				CLANG_WARN_UNREACHABLE_CODE = YES;
				CLANG_WARN__DUPLICATE_METHOD_MATCH = YES;
				COPY_PHASE_STRIP = NO;
				DEBUG_INFORMATION_FORMAT = dwarf;
				ENABLE_STRICT_OBJC_MSGSEND = YES;
				ENABLE_TESTABILITY = YES;
				ENABLE_USER_SCRIPT_SANDBOXING = YES;
				GCC_C_LANGUAGE_STANDARD = gnu17;
				GCC_DYNAMIC_NO_PIC = NO;
				GCC_NO_COMMON_BLOCKS = YES;
				GCC_OPTIMIZATION_LEVEL = 0;
				GCC_PREPROCESSOR_DEFINITIONS = (
					"DEBUG=1",
					"$(inherited)",
				);
				GCC_WARN_64_TO_32_BIT_CONVERSION = YES;
				GCC_WARN_ABOUT_RETURN_TYPE = YES_ERROR;
				GCC_WARN_UNDECLARED_SELECTOR = YES;
				GCC_WARN_UNINITIALIZED_AUTOS = YES_AGGRESSIVE;
				GCC_WARN_UNUSED_FUNCTION = YES;
				GCC_WARN_UNUSED_VARIABLE = YES;
				LOCALIZATION_PREFERS_STRING_CATALOGS = YES;
				MACOSX_DEPLOYMENT_TARGET = 14.7;
				MTL_ENABLE_DEBUG_INFO = INCLUDE_SOURCE;
				MTL_FAST_MATH = YES;
				ONLY_ACTIVE_ARCH = YES;
				SDKROOT = macosx;
				SWIFT_ACTIVE_COMPILATION_CONDITIONS = "DEBUG $(inherited)";
				SWIFT_OPTIMIZATION_LEVEL = "-Onone";
			};
			name = Debug;
		};
		B563D4A12D06066F0018E454 /* Release */ = {
			isa = XCBuildConfiguration;
			buildSettings = {
				ALWAYS_SEARCH_USER_PATHS = NO;
				ASSETCATALOG_COMPILER_GENERATE_SWIFT_ASSET_SYMBOL_EXTENSIONS = YES;
				CLANG_ANALYZER_NONNULL = YES;
				CLANG_ANALYZER_NUMBER_OBJECT_CONVERSION = YES_AGGRESSIVE;
				CLANG_CXX_LANGUAGE_STANDARD = "gnu++20";
				CLANG_ENABLE_MODULES = YES;
				CLANG_ENABLE_OBJC_ARC = YES;
				CLANG_ENABLE_OBJC_WEAK = YES;
				CLANG_WARN_BLOCK_CAPTURE_AUTORELEASING = YES;
				CLANG_WARN_BOOL_CONVERSION = YES;
				CLANG_WARN_COMMA = YES;
				CLANG_WARN_CONSTANT_CONVERSION = YES;
				CLANG_WARN_DEPRECATED_OBJC_IMPLEMENTATIONS = YES;
				CLANG_WARN_DIRECT_OBJC_ISA_USAGE = YES_ERROR;
				CLANG_WARN_DOCUMENTATION_COMMENTS = YES;
				CLANG_WARN_EMPTY_BODY = YES;
				CLANG_WARN_ENUM_CONVERSION = YES;
				CLANG_WARN_INFINITE_RECURSION = YES;
				CLANG_WARN_INT_CONVERSION = YES;
				CLANG_WARN_NON_LITERAL_NULL_CONVERSION = YES;
				CLANG_WARN_OBJC_IMPLICIT_RETAIN_SELF = YES;
				CLANG_WARN_OBJC_LITERAL_CONVERSION = YES;
				CLANG_WARN_OBJC_ROOT_CLASS = YES_ERROR;
				CLANG_WARN_QUOTED_INCLUDE_IN_FRAMEWORK_HEADER = YES;
				CLANG_WARN_RANGE_LOOP_ANALYSIS = YES;
				CLANG_WARN_STRICT_PROTOTYPES = YES;
				CLANG_WARN_SUSPICIOUS_MOVE = YES;
				CLANG_WARN_UNGUARDED_AVAILABILITY = YES_AGGRESSIVE;
				CLANG_WARN_UNREACHABLE_CODE = YES;
				CLANG_WARN__DUPLICATE_METHOD_MATCH = YES;
				COPY_PHASE_STRIP = NO;
				DEBUG_INFORMATION_FORMAT = "dwarf-with-dsym";
				ENABLE_NS_ASSERTIONS = NO;
				ENABLE_STRICT_OBJC_MSGSEND = YES;
				ENABLE_USER_SCRIPT_SANDBOXING = YES;
				GCC_C_LANGUAGE_STANDARD = gnu17;
				GCC_NO_COMMON_BLOCKS = YES;
				GCC_WARN_64_TO_32_BIT_CONVERSION = YES;
				GCC_WARN_ABOUT_RETURN_TYPE = YES_ERROR;
				GCC_WARN_UNDECLARED_SELECTOR = YES;
				GCC_WARN_UNINITIALIZED_AUTOS = YES_AGGRESSIVE;
				GCC_WARN_UNUSED_FUNCTION = YES;
				GCC_WARN_UNUSED_VARIABLE = YES;
				LOCALIZATION_PREFERS_STRING_CATALOGS = YES;
				MACOSX_DEPLOYMENT_TARGET = 14.7;
				MTL_ENABLE_DEBUG_INFO = NO;
				MTL_FAST_MATH = YES;
				SDKROOT = macosx;
				SWIFT_COMPILATION_MODE = wholemodule;
			};
			name = Release;
		};
		B563D4A32D06066F0018E454 /* Debug */ = {
			isa = XCBuildConfiguration;
			buildSettings = {
				ASSETCATALOG_COMPILER_APPICON_NAME = AppIcon;
				ASSETCATALOG_COMPILER_GLOBAL_ACCENT_COLOR_NAME = AccentColor;
				CODE_SIGN_ENTITLEMENTS = VolunteerPickerRevived/VolunteerPickerRevived.entitlements;
				CODE_SIGN_STYLE = Automatic;
				COMBINE_HIDPI_IMAGES = YES;
				CURRENT_PROJECT_VERSION = 1;
				DEVELOPMENT_ASSET_PATHS = "\"VolunteerPickerRevived/Preview Content\"";
				DEVELOPMENT_TEAM = DPXC89235G;
				ENABLE_HARDENED_RUNTIME = YES;
				ENABLE_PREVIEWS = YES;
				GENERATE_INFOPLIST_FILE = YES;
				INFOPLIST_KEY_NSHumanReadableCopyright = "";
				LD_RUNPATH_SEARCH_PATHS = (
					"$(inherited)",
					"@executable_path/../Frameworks",
				);
				MARKETING_VERSION = 1.0;
				PRODUCT_BUNDLE_IDENTIFIER = Onboarding.VolunteerPickerRevived;
				PRODUCT_NAME = "$(TARGET_NAME)";
				SWIFT_EMIT_LOC_STRINGS = YES;
				SWIFT_VERSION = 5.0;
			};
			name = Debug;
		};
		B563D4A42D06066F0018E454 /* Release */ = {
			isa = XCBuildConfiguration;
			buildSettings = {
				ASSETCATALOG_COMPILER_APPICON_NAME = AppIcon;
				ASSETCATALOG_COMPILER_GLOBAL_ACCENT_COLOR_NAME = AccentColor;
				CODE_SIGN_ENTITLEMENTS = VolunteerPickerRevived/VolunteerPickerRevived.entitlements;
				CODE_SIGN_STYLE = Automatic;
				COMBINE_HIDPI_IMAGES = YES;
				CURRENT_PROJECT_VERSION = 1;
				DEVELOPMENT_ASSET_PATHS = "\"VolunteerPickerRevived/Preview Content\"";
				DEVELOPMENT_TEAM = DPXC89235G;
				ENABLE_HARDENED_RUNTIME = YES;
				ENABLE_PREVIEWS = YES;
				GENERATE_INFOPLIST_FILE = YES;
				INFOPLIST_KEY_NSHumanReadableCopyright = "";
				LD_RUNPATH_SEARCH_PATHS = (
					"$(inherited)",
					"@executable_path/../Frameworks",
				);
				MARKETING_VERSION = 1.0;
				PRODUCT_BUNDLE_IDENTIFIER = Onboarding.VolunteerPickerRevived;
				PRODUCT_NAME = "$(TARGET_NAME)";
				SWIFT_EMIT_LOC_STRINGS = YES;
				SWIFT_VERSION = 5.0;
			};
			name = Release;
		};
		B563D4A62D06066F0018E454 /* Debug */ = {
			isa = XCBuildConfiguration;
			buildSettings = {
				BUNDLE_LOADER = "$(TEST_HOST)";
				CODE_SIGN_STYLE = Automatic;
				CURRENT_PROJECT_VERSION = 1;
				DEVELOPMENT_TEAM = DPXC89235G;
				GENERATE_INFOPLIST_FILE = YES;
				MACOSX_DEPLOYMENT_TARGET = 14.7;
				MARKETING_VERSION = 1.0;
				PRODUCT_BUNDLE_IDENTIFIER = Onboarding.VolunteerPickerRevivedTests;
				PRODUCT_NAME = "$(TARGET_NAME)";
				SWIFT_EMIT_LOC_STRINGS = NO;
				SWIFT_VERSION = 5.0;
				TEST_HOST = "$(BUILT_PRODUCTS_DIR)/VolunteerPickerRevived.app/$(BUNDLE_EXECUTABLE_FOLDER_PATH)/VolunteerPickerRevived";
			};
			name = Debug;
		};
		B563D4A72D06066F0018E454 /* Release */ = {
			isa = XCBuildConfiguration;
			buildSettings = {
				BUNDLE_LOADER = "$(TEST_HOST)";
				CODE_SIGN_STYLE = Automatic;
				CURRENT_PROJECT_VERSION = 1;
				DEVELOPMENT_TEAM = DPXC89235G;
				GENERATE_INFOPLIST_FILE = YES;
				MACOSX_DEPLOYMENT_TARGET = 14.7;
				MARKETING_VERSION = 1.0;
				PRODUCT_BUNDLE_IDENTIFIER = Onboarding.VolunteerPickerRevivedTests;
				PRODUCT_NAME = "$(TARGET_NAME)";
				SWIFT_EMIT_LOC_STRINGS = NO;
				SWIFT_VERSION = 5.0;
				TEST_HOST = "$(BUILT_PRODUCTS_DIR)/VolunteerPickerRevived.app/$(BUNDLE_EXECUTABLE_FOLDER_PATH)/VolunteerPickerRevived";
			};
			name = Release;
		};
		B563D4A92D06066F0018E454 /* Debug */ = {
			isa = XCBuildConfiguration;
			buildSettings = {
				CODE_SIGN_STYLE = Automatic;
				CURRENT_PROJECT_VERSION = 1;
				DEVELOPMENT_TEAM = DPXC89235G;
				GENERATE_INFOPLIST_FILE = YES;
				MARKETING_VERSION = 1.0;
				PRODUCT_BUNDLE_IDENTIFIER = Onboarding.VolunteerPickerRevivedUITests;
				PRODUCT_NAME = "$(TARGET_NAME)";
				SWIFT_EMIT_LOC_STRINGS = NO;
				SWIFT_VERSION = 5.0;
				TEST_TARGET_NAME = VolunteerPickerRevived;
			};
			name = Debug;
		};
		B563D4AA2D06066F0018E454 /* Release */ = {
			isa = XCBuildConfiguration;
			buildSettings = {
				CODE_SIGN_STYLE = Automatic;
				CURRENT_PROJECT_VERSION = 1;
				DEVELOPMENT_TEAM = DPXC89235G;
				GENERATE_INFOPLIST_FILE = YES;
				MARKETING_VERSION = 1.0;
				PRODUCT_BUNDLE_IDENTIFIER = Onboarding.VolunteerPickerRevivedUITests;
				PRODUCT_NAME = "$(TARGET_NAME)";
				SWIFT_EMIT_LOC_STRINGS = NO;
				SWIFT_VERSION = 5.0;
				TEST_TARGET_NAME = VolunteerPickerRevived;
			};
			name = Release;
		};
/* End XCBuildConfiguration section */

/* Begin XCConfigurationList section */
		B563D4782D06066A0018E454 /* Build configuration list for PBXProject "VolunteerPickerRevived" */ = {
			isa = XCConfigurationList;
			buildConfigurations = (
				B563D4A02D06066F0018E454 /* Debug */,
				B563D4A12D06066F0018E454 /* Release */,
			);
			defaultConfigurationIsVisible = 0;
			defaultConfigurationName = Release;
		};
		B563D4A22D06066F0018E454 /* Build configuration list for PBXNativeTarget "VolunteerPickerRevived" */ = {
			isa = XCConfigurationList;
			buildConfigurations = (
				B563D4A32D06066F0018E454 /* Debug */,
				B563D4A42D06066F0018E454 /* Release */,
			);
			defaultConfigurationIsVisible = 0;
			defaultConfigurationName = Release;
		};
		B563D4A52D06066F0018E454 /* Build configuration list for PBXNativeTarget "VolunteerPickerRevivedTests" */ = {
			isa = XCConfigurationList;
			buildConfigurations = (
				B563D4A62D06066F0018E454 /* Debug */,
				B563D4A72D06066F0018E454 /* Release */,
			);
			defaultConfigurationIsVisible = 0;
			defaultConfigurationName = Release;
		};
		B563D4A82D06066F0018E454 /* Build configuration list for PBXNativeTarget "VolunteerPickerRevivedUITests" */ = {
			isa = XCConfigurationList;
			buildConfigurations = (
				B563D4A92D06066F0018E454 /* Debug */,
				B563D4AA2D06066F0018E454 /* Release */,
			);
			defaultConfigurationIsVisible = 0;
			defaultConfigurationName = Release;
		};
/* End XCConfigurationList section */
	};
	rootObject = B563D4752D06066A0018E454 /* Project object */;
}
